github.com/google/go-cmp v0.5.5 h1:Khx7svrCpmxxtHBq5j2mp/xVjsi8hQMfNLvJFAlrGgU=
github.com/google/go-cmp v0.5.5/go.mod h1:v8dTdLbMG2kIc/vJvl+f65V22dbkXbowE6jgT/gNBxE=
github.com/google/uuid v1.6.0 h1:NIvaJDMOsjHA8n1jAhLSgzrAzy1Hgr+hNrb57e+94F0=
github.com/google/uuid v1.6.0/go.mod h1:TIyPZe4MgqvfeYDBFedMoGGpEw/LqOeaOT+nhxU+yHo=
github.com/saichler/l8test v0.0.0-20250401165218-69dfda194910 h1:wAeqrKySk9lxRHEk5vtMZZiLbp0l8Pr25Mun7xXMQHo=
github.com/saichler/l8test v0.0.0-20250401165218-69dfda194910/go.mod h1:C4B8Zpv0L/Di/qB0lOWHOXF3r3Pz/6Oabu730TthWsc=
github.com/saichler/layer8 v0.0.0-20250401164211-9fe6c1570137 h1:1Cyju8t/hSwzkCeWyG8jS7PRaJ6jDT8BIfhwSHxiz0w=
github.com/saichler/layer8 v0.0.0-20250401164211-9fe6c1570137/go.mod h1:MGf/M+PjUV1JYEu6Cbi1XT+Rb8zQ3YWPWCz447SeTio=
github.com/saichler/reflect v0.0.0-20250401163548-f9f4693fb455 h1:KfxHSW8TLOykAQQ1wSjVM8X1fz+YsvdONnWm6RmcTKQ=
github.com/saichler/reflect v0.0.0-20250401163548-f9f4693fb455/go.mod h1:i81Zz9kp1G4AR6fYqkA9rWCkIm2zCgxH+9CLj9Uty1o=
github.com/saichler/serializer v0.0.0-20250401190634-52dd61ab80a8 h1:8n74t94fOXnwiIi6g4U7vEoDPek63NJbsyeqflIsZA8=
github.com/saichler/serializer v0.0.0-20250401190634-52dd61ab80a8/go.mod h1:6BWzYGURD7mauHWwwguxGZ3S26j24ArTKvDElw7Ls4c=
github.com/saichler/servicepoints v0.0.0-20250401164304-bc61e6e03ff5 h1:cv41X9+crpSTmlT7WliU4BzlAlEqW1cnQzyW+D368nc=
github.com/saichler/servicepoints v0.0.0-20250401164304-bc61e6e03ff5/go.mod h1:e9JdbystNNB9x7ZRVm8G3iK/ydzhUt7Rz37T7MtVXyE=
github.com/saichler/shared v0.0.0-20250401164021-48ac2d54144e h1:a19c0IZkf1kDTkt1EOiGUNfYizgrjN8Luwwvo0Rjzw0=
github.com/saichler/shared v0.0.0-20250401164021-48ac2d54144e/go.mod h1:yBp1tpeQX9rrzO4xdyegQnb8BskKPAAjGasYHBcz3Cg=
github.com/saichler/types/go v0.0.0-20250401191805-1667c63a8324 h1:Ykcm1vmKsJB15kuWxUOa9sZ/eqbwizzPXTsUwh9NfLM=
github.com/saichler/types/go v0.0.0-20250401191805-1667c63a8324/go.mod h1:5NsetU9p7++GKh+i8UpNT1jvBof9EiAv6mc2r4tbSE0=
golang.org/x/xerrors v0.0.0-20191204190536-9bdfabe68543 h1:E7g+9GITq07hpfrRu66IVDexMakfv52eLZ2CXBWiKr4=
golang.org/x/xerrors v0.0.0-20191204190536-9bdfabe68543/go.mod h1:I/5z698sn9Ka8TeJc9MKroUUfqBBauWjQqLJ2OPfmY0=
google.golang.org/protobuf v1.36.6 h1:z1NpPI8ku2WgiWnf+t9wTPsn6eP1L7ksHUlkfLvd9xY=
google.golang.org/protobuf v1.36.6/go.mod h1:jduwjTPXsFjZGTmRluh+L6NjiWu7pchiJ2/5YcXBHnY=
