github.com/google/go-cmp v0.5.5 h1:Khx7svrCpmxxtHBq5j2mp/xVjsi8hQMfNLvJFAlrGgU=
github.com/google/go-cmp v0.5.5/go.mod h1:v8dTdLbMG2kIc/vJvl+f65V22dbkXbowE6jgT/gNBxE=
github.com/google/uuid v1.6.0 h1:NIvaJDMOsjHA8n1jAhLSgzrAzy1Hgr+hNrb57e+94F0=
github.com/google/uuid v1.6.0/go.mod h1:TIyPZe4MgqvfeYDBFedMoGGpEw/LqOeaOT+nhxU+yHo=
github.com/saichler/l8test/go v0.0.0-20250331141617-04c64718b5cb h1:weow+xTFAQYh3hrXHu2dNCoua3i5VZ3pedlR8NJ5V1g=
github.com/saichler/l8test/go v0.0.0-20250331141617-04c64718b5cb/go.mod h1:rHGDsa1tZv4CPzvPF1999UQdAL7VRRTjdmmB8AHuv3Y=
github.com/saichler/layer8/go v0.0.0-20250327183324-ab554613aa33 h1:bxmsnSfMFtiLWH1/8svfPIHVu7Iz+7dgAMAW221BzzU=
github.com/saichler/layer8/go v0.0.0-20250327183324-ab554613aa33/go.mod h1:BSKsRg0cbFJ5ZUK3ZABVQ+kJN/6ZgDx8obyL7yNdRIg=
github.com/saichler/reflect/go v0.0.0-20250331164246-d7b9b678fa7d h1:/QpjdLxfT49nprW15z2DuiONnTPl5EAsQF3Y0qHxaq8=
github.com/saichler/reflect/go v0.0.0-20250331164246-d7b9b678fa7d/go.mod h1:LY22HpuV6A5xlQGng2rLv5e5U3zFuc34cukufLqCjNc=
github.com/saichler/serializer/go v0.0.0-20250327183844-6ed7a8a5b3ae h1:mpQpI46N5ZoRBtrHwwpCvnC516G0srMo5Z6JkmheCnU=
github.com/saichler/serializer/go v0.0.0-20250327183844-6ed7a8a5b3ae/go.mod h1:ZU8SPJdE6WU/TDx+oNu/vb9qnWGaqvYiEeqC/dgE5nI=
github.com/saichler/servicepoints/go v0.0.0-20250327183714-c026a96f20d6 h1:oCMke/dQnI/pRcf2pJPqe7dC5G5GBsrllfZ9gif1RNQ=
github.com/saichler/servicepoints/go v0.0.0-20250327183714-c026a96f20d6/go.mod h1:70EUzQkMKNlaMB+FSWq2zPbiEN/D28tIF7SwyB2Wbpo=
github.com/saichler/shared/go v0.0.0-20250327144546-dc40bb3ea146 h1:0EUKRnpIHhZrKX3Th//mBEqUnwWukZU/XnLqAXEJ1V4=
github.com/saichler/shared/go v0.0.0-20250327144546-dc40bb3ea146/go.mod h1:m3XVj4xL/hkedwE1REmSnb+ACNUlbW35eVp0RxpcPJ8=
github.com/saichler/types/go v0.0.0-20250327162701-de3b6c266ee5 h1:W70e/P9A62Ik1xT4aOwk37hK9LaqqUdBY+KxOIpEv0Y=
github.com/saichler/types/go v0.0.0-20250327162701-de3b6c266ee5/go.mod h1:VXMfoEKBR24gtmrpXM8fbOoleMax4m6ppGfitba9BjA=
golang.org/x/xerrors v0.0.0-20191204190536-9bdfabe68543 h1:E7g+9GITq07hpfrRu66IVDexMakfv52eLZ2CXBWiKr4=
golang.org/x/xerrors v0.0.0-20191204190536-9bdfabe68543/go.mod h1:I/5z698sn9Ka8TeJc9MKroUUfqBBauWjQqLJ2OPfmY0=
google.golang.org/protobuf v1.36.6 h1:z1NpPI8ku2WgiWnf+t9wTPsn6eP1L7ksHUlkfLvd9xY=
google.golang.org/protobuf v1.36.6/go.mod h1:jduwjTPXsFjZGTmRluh+L6NjiWu7pchiJ2/5YcXBHnY=
